
Microsoft Visual Studio Solution File, Format Version 12.00
# Visual Studio Version 17
VisualStudioVersion = 17.9.34728.123
MinimumVisualStudioVersion = 10.0.40219.1
Project("{FAE04EC0-301F-11D3-BF4B-00C04F79EFBC}") = "ADO.NET.Task1", "ADO.NET.Task1\ADO.NET.Task1.csproj", "{DD56A207-4647-4E0A-A0ED-82B188968652}"
EndProject
Global
	GlobalSection(SolutionConfigurationPlatforms) = preSolution
		Debug|Any CPU = Debug|Any CPU
		Release|Any CPU = Release|Any CPU
	EndGlobalSection
	GlobalSection(ProjectConfigurationPlatforms) = postSolution
		{DD56A207-4647-4E0A-A0ED-82B188968652}.Debug|Any CPU.ActiveCfg = Debug|Any CPU
		{DD56A207-4647-4E0A-A0ED-82B188968652}.Debug|Any CPU.Build.0 = Debug|Any CPU
		{DD56A207-4647-4E0A-A0ED-82B188968652}.Release|Any CPU.ActiveCfg = Release|Any CPU
		{DD56A207-4647-4E0A-A0ED-82B188968652}.Release|Any CPU.Build.0 = Release|Any CPU
	EndGlobalSection
	GlobalSection(SolutionProperties) = preSolution
		HideSolutionNode = FALSE
	EndGlobalSection
	GlobalSection(ExtensibilityGlobals) = postSolution
		SolutionGuid = {C672BAEE-D430-4E6D-9BFD-882035DBF5F6}
	EndGlobalSection
EndGlobal
